
Microsoft Visual Studio Solution File, Format Version 12.00
# Visual Studio 2013
VisualStudioVersion = 12.0.31101.0
MinimumVisualStudioVersion = 10.0.40219.1
Project("{FAE04EC0-301F-11D3-BF4B-00C04F79EFBC}") = "Notepad_exam", "Notepad_exam\Notepad_exam.csproj", "{56429A6D-B2C9-4DD1-9556-4285418638A6}"
EndProject
Global
	GlobalSection(SolutionConfigurationPlatforms) = preSolution
		Debug|Any CPU = Debug|Any CPU
		Release|Any CPU = Release|Any CPU
	EndGlobalSection
	GlobalSection(ProjectConfigurationPlatforms) = postSolution
		{56429A6D-B2C9-4DD1-9556-4285418638A6}.Debug|Any CPU.ActiveCfg = Debug|Any CPU
		{56429A6D-B2C9-4DD1-9556-4285418638A6}.Debug|Any CPU.Build.0 = Debug|Any CPU
		{56429A6D-B2C9-4DD1-9556-4285418638A6}.Release|Any CPU.ActiveCfg = Release|Any CPU
		{56429A6D-B2C9-4DD1-9556-4285418638A6}.Release|Any CPU.Build.0 = Release|Any CPU
	EndGlobalSection
	GlobalSection(SolutionProperties) = preSolution
		HideSolutionNode = FALSE
	EndGlobalSection
EndGlobal
